
Microsoft Visual Studio Solution File, Format Version 12.00
# Visual Studio Version 17
VisualStudioVersion = 17.9.34728.123
MinimumVisualStudioVersion = 10.0.40219.1
Project("{FAE04EC0-301F-11D3-BF4B-00C04F79EFBC}") = "ZeroOrderHoldConsole", "ZeroOrderHoldConsole\ZeroOrderHoldConsole.csproj", "{53308BC3-8FD5-4445-A2B1-D06B23300419}"
EndProject
Project("{9A19103F-16F7-4668-BE54-9A1E7A4F7556}") = "WavlabFilterWinUI3Lib", "..\WavlabFilterWinUI3Lib\WavlabFilterWinUI3Lib.csproj", "{4599CD44-8BB4-483D-9D8E-6A88A2ABE56D}"
EndProject
Global
	GlobalSection(SolutionConfigurationPlatforms) = preSolution
		Debug|Any CPU = Debug|Any CPU
		Debug|ARM64 = Debug|ARM64
		Debug|x64 = Debug|x64
		Debug|x86 = Debug|x86
		Release|Any CPU = Release|Any CPU
		Release|ARM64 = Release|ARM64
		Release|x64 = Release|x64
		Release|x86 = Release|x86
	EndGlobalSection
	GlobalSection(ProjectConfigurationPlatforms) = postSolution
		{53308BC3-8FD5-4445-A2B1-D06B23300419}.Debug|Any CPU.ActiveCfg = Debug|Any CPU
		{53308BC3-8FD5-4445-A2B1-D06B23300419}.Debug|Any CPU.Build.0 = Debug|Any CPU
		{53308BC3-8FD5-4445-A2B1-D06B23300419}.Debug|ARM64.ActiveCfg = Debug|ARM64
		{53308BC3-8FD5-4445-A2B1-D06B23300419}.Debug|ARM64.Build.0 = Debug|ARM64
		{53308BC3-8FD5-4445-A2B1-D06B23300419}.Debug|x64.ActiveCfg = Debug|x64
		{53308BC3-8FD5-4445-A2B1-D06B23300419}.Debug|x64.Build.0 = Debug|x64
		{53308BC3-8FD5-4445-A2B1-D06B23300419}.Debug|x86.ActiveCfg = Debug|x86
		{53308BC3-8FD5-4445-A2B1-D06B23300419}.Debug|x86.Build.0 = Debug|x86
		{53308BC3-8FD5-4445-A2B1-D06B23300419}.Release|Any CPU.ActiveCfg = Release|Any CPU
		{53308BC3-8FD5-4445-A2B1-D06B23300419}.Release|Any CPU.Build.0 = Release|Any CPU
		{53308BC3-8FD5-4445-A2B1-D06B23300419}.Release|ARM64.ActiveCfg = Release|ARM64
		{53308BC3-8FD5-4445-A2B1-D06B23300419}.Release|ARM64.Build.0 = Release|ARM64
		{53308BC3-8FD5-4445-A2B1-D06B23300419}.Release|x64.ActiveCfg = Release|x64
		{53308BC3-8FD5-4445-A2B1-D06B23300419}.Release|x64.Build.0 = Release|x64
		{53308BC3-8FD5-4445-A2B1-D06B23300419}.Release|x86.ActiveCfg = Release|x86
		{53308BC3-8FD5-4445-A2B1-D06B23300419}.Release|x86.Build.0 = Release|x86
		{4599CD44-8BB4-483D-9D8E-6A88A2ABE56D}.Debug|Any CPU.ActiveCfg = Debug|Any CPU
		{4599CD44-8BB4-483D-9D8E-6A88A2ABE56D}.Debug|Any CPU.Build.0 = Debug|Any CPU
		{4599CD44-8BB4-483D-9D8E-6A88A2ABE56D}.Debug|ARM64.ActiveCfg = Debug|ARM64
		{4599CD44-8BB4-483D-9D8E-6A88A2ABE56D}.Debug|ARM64.Build.0 = Debug|ARM64
		{4599CD44-8BB4-483D-9D8E-6A88A2ABE56D}.Debug|x64.ActiveCfg = Debug|x64
		{4599CD44-8BB4-483D-9D8E-6A88A2ABE56D}.Debug|x64.Build.0 = Debug|x64
		{4599CD44-8BB4-483D-9D8E-6A88A2ABE56D}.Debug|x86.ActiveCfg = Debug|x86
		{4599CD44-8BB4-483D-9D8E-6A88A2ABE56D}.Debug|x86.Build.0 = Debug|x86
		{4599CD44-8BB4-483D-9D8E-6A88A2ABE56D}.Release|Any CPU.ActiveCfg = Release|Any CPU
		{4599CD44-8BB4-483D-9D8E-6A88A2ABE56D}.Release|Any CPU.Build.0 = Release|Any CPU
		{4599CD44-8BB4-483D-9D8E-6A88A2ABE56D}.Release|ARM64.ActiveCfg = Release|ARM64
		{4599CD44-8BB4-483D-9D8E-6A88A2ABE56D}.Release|ARM64.Build.0 = Release|ARM64
		{4599CD44-8BB4-483D-9D8E-6A88A2ABE56D}.Release|x64.ActiveCfg = Release|x64
		{4599CD44-8BB4-483D-9D8E-6A88A2ABE56D}.Release|x64.Build.0 = Release|x64
		{4599CD44-8BB4-483D-9D8E-6A88A2ABE56D}.Release|x86.ActiveCfg = Release|x86
		{4599CD44-8BB4-483D-9D8E-6A88A2ABE56D}.Release|x86.Build.0 = Release|x86
	EndGlobalSection
	GlobalSection(SolutionProperties) = preSolution
		HideSolutionNode = FALSE
	EndGlobalSection
	GlobalSection(ExtensibilityGlobals) = postSolution
		SolutionGuid = {15DF2D17-07FB-4166-902F-E262E424895A}
	EndGlobalSection
EndGlobal
